
Microsoft Visual Studio Solution File, Format Version 12.00
# Visual Studio Version 17
VisualStudioVersion = 17.2.32526.322
MinimumVisualStudioVersion = 10.0.40219.1
Project("{FAE04EC0-301F-11D3-BF4B-00C04F79EFBC}") = "Day_five_assignment", "Day_five_assignment.csproj", "{597EAA77-75A9-4F06-9030-74428664FC8A}"
EndProject
Global
	GlobalSection(SolutionConfigurationPlatforms) = preSolution
		Debug|Any CPU = Debug|Any CPU
		Release|Any CPU = Release|Any CPU
	EndGlobalSection
	GlobalSection(ProjectConfigurationPlatforms) = postSolution
		{597EAA77-75A9-4F06-9030-74428664FC8A}.Debug|Any CPU.ActiveCfg = Debug|Any CPU
		{597EAA77-75A9-4F06-9030-74428664FC8A}.Debug|Any CPU.Build.0 = Debug|Any CPU
		{597EAA77-75A9-4F06-9030-74428664FC8A}.Release|Any CPU.ActiveCfg = Release|Any CPU
		{597EAA77-75A9-4F06-9030-74428664FC8A}.Release|Any CPU.Build.0 = Release|Any CPU
	EndGlobalSection
	GlobalSection(SolutionProperties) = preSolution
		HideSolutionNode = FALSE
	EndGlobalSection
	GlobalSection(ExtensibilityGlobals) = postSolution
		SolutionGuid = {893B49F9-A57F-4AB2-901C-DBF2F56234B5}
	EndGlobalSection
EndGlobal
